
Microsoft Visual Studio Solution File, Format Version 12.00
# Visual Studio Version 17
VisualStudioVersion = 17.10.34928.147
MinimumVisualStudioVersion = 10.0.40219.1
Project("{9A19103F-16F7-4668-BE54-9A1E7A4F7556}") = "Web", "ProyectoIt\Web.csproj", "{0953F8F0-A615-464F-9474-0AD8602F66F3}"
EndProject
Project("{9A19103F-16F7-4668-BE54-9A1E7A4F7556}") = "Api", "Api\Api.csproj", "{24F3684E-949E-4FC0-AFCA-1A5E234B2D0C}"
EndProject
Project("{9A19103F-16F7-4668-BE54-9A1E7A4F7556}") = "Common", "Common\Common.csproj", "{FC72802F-4E3C-4717-A27B-EF2A3392B10F}"
EndProject
Project("{9A19103F-16F7-4668-BE54-9A1E7A4F7556}") = "Data", "Data\Data.csproj", "{AC4D1DF7-E5BB-4B01-85CC-E8C738AE1241}"
EndProject
Global
	GlobalSection(SolutionConfigurationPlatforms) = preSolution
		Debug|Any CPU = Debug|Any CPU
		Release|Any CPU = Release|Any CPU
	EndGlobalSection
	GlobalSection(ProjectConfigurationPlatforms) = postSolution
		{0953F8F0-A615-464F-9474-0AD8602F66F3}.Debug|Any CPU.ActiveCfg = Debug|Any CPU
		{0953F8F0-A615-464F-9474-0AD8602F66F3}.Debug|Any CPU.Build.0 = Debug|Any CPU
		{0953F8F0-A615-464F-9474-0AD8602F66F3}.Release|Any CPU.ActiveCfg = Release|Any CPU
		{0953F8F0-A615-464F-9474-0AD8602F66F3}.Release|Any CPU.Build.0 = Release|Any CPU
		{24F3684E-949E-4FC0-AFCA-1A5E234B2D0C}.Debug|Any CPU.ActiveCfg = Debug|Any CPU
		{24F3684E-949E-4FC0-AFCA-1A5E234B2D0C}.Debug|Any CPU.Build.0 = Debug|Any CPU
		{24F3684E-949E-4FC0-AFCA-1A5E234B2D0C}.Release|Any CPU.ActiveCfg = Release|Any CPU
		{24F3684E-949E-4FC0-AFCA-1A5E234B2D0C}.Release|Any CPU.Build.0 = Release|Any CPU
		{FC72802F-4E3C-4717-A27B-EF2A3392B10F}.Debug|Any CPU.ActiveCfg = Debug|Any CPU
		{FC72802F-4E3C-4717-A27B-EF2A3392B10F}.Debug|Any CPU.Build.0 = Debug|Any CPU
		{FC72802F-4E3C-4717-A27B-EF2A3392B10F}.Release|Any CPU.ActiveCfg = Release|Any CPU
		{FC72802F-4E3C-4717-A27B-EF2A3392B10F}.Release|Any CPU.Build.0 = Release|Any CPU
		{AC4D1DF7-E5BB-4B01-85CC-E8C738AE1241}.Debug|Any CPU.ActiveCfg = Debug|Any CPU
		{AC4D1DF7-E5BB-4B01-85CC-E8C738AE1241}.Debug|Any CPU.Build.0 = Debug|Any CPU
		{AC4D1DF7-E5BB-4B01-85CC-E8C738AE1241}.Release|Any CPU.ActiveCfg = Release|Any CPU
		{AC4D1DF7-E5BB-4B01-85CC-E8C738AE1241}.Release|Any CPU.Build.0 = Release|Any CPU
	EndGlobalSection
	GlobalSection(SolutionProperties) = preSolution
		HideSolutionNode = FALSE
	EndGlobalSection
	GlobalSection(ExtensibilityGlobals) = postSolution
		SolutionGuid = {FEDD51DE-7111-450D-8D43-01B6AA79301C}
	EndGlobalSection
EndGlobal
